github.com/GodYY/gutils v0.0.0-20211118030014-d2e0c9daca69 h1:wLI5MNxICSmnNcnAuUij3nN6alsr/i3/nXc8fqe1TwQ=
github.com/GodYY/gutils v0.0.0-20211118030014-d2e0c9daca69/go.mod h1:nETlXqow5nOHDB6ddsfE5oeXY5k3w1IKqCVZGKDrqao=
github.com/pkg/errors v0.9.1 h1:FEBLx1zS214owpjy7qsBeixbURkuhQAwrK5UwLGTwt4=
github.com/pkg/errors v0.9.1/go.mod h1:bwawxfHBFNV+L2hUp1rHADufV3IMtnDRdf1r5NINEl0=
